
Microsoft Visual Studio Solution File, Format Version 12.00
# Visual Studio Version 17
VisualStudioVersion = 17.5.33516.290
MinimumVisualStudioVersion = 10.0.40219.1
Project("{888888A0-9F3D-457C-B088-3A5042F75D52}") = "JN_Final Assignment_2023", "JN_Final Assignment_2023.pyproj", "{5D5604B8-BB65-450B-A5EB-905B89A84934}"
EndProject
Global
	GlobalSection(SolutionConfigurationPlatforms) = preSolution
		Debug|Any CPU = Debug|Any CPU
		Release|Any CPU = Release|Any CPU
	EndGlobalSection
	GlobalSection(ProjectConfigurationPlatforms) = postSolution
		{5D5604B8-BB65-450B-A5EB-905B89A84934}.Debug|Any CPU.ActiveCfg = Debug|Any CPU
		{5D5604B8-BB65-450B-A5EB-905B89A84934}.Release|Any CPU.ActiveCfg = Release|Any CPU
	EndGlobalSection
	GlobalSection(SolutionProperties) = preSolution
		HideSolutionNode = FALSE
	EndGlobalSection
	GlobalSection(ExtensibilityGlobals) = postSolution
		SolutionGuid = {F83D7B14-8EAC-43B6-A332-4DF2E59FDADB}
	EndGlobalSection
EndGlobal
